// !$*UTF8*$!
{
	archiveVersion = 1;
	classes = {
	};
	objectVersion = 46;
	objects = {

/* Begin PBXBuildFile section */
		A27AE1C04B36F5FCBF7B6BAB /* libPods-NetworkFramConstruct.a in Frameworks */ = {isa = PBXBuildFile; fileRef = 7A2D6F6E583F6B4DDBD55590 /* libPods-NetworkFramConstruct.a */; };
		D3924CD81C9A4D7D00BFAA62 /* main.m in Sources */ = {isa = PBXBuildFile; fileRef = D3924CD71C9A4D7D00BFAA62 /* main.m */; };
		D3924CDB1C9A4D7D00BFAA62 /* AppDelegate.m in Sources */ = {isa = PBXBuildFile; fileRef = D3924CDA1C9A4D7D00BFAA62 /* AppDelegate.m */; };
		D3924CE11C9A4D7D00BFAA62 /* Main.storyboard in Resources */ = {isa = PBXBuildFile; fileRef = D3924CDF1C9A4D7D00BFAA62 /* Main.storyboard */; };
		D3924CE31C9A4D7D00BFAA62 /* Assets.xcassets in Resources */ = {isa = PBXBuildFile; fileRef = D3924CE21C9A4D7D00BFAA62 /* Assets.xcassets */; };
		D3924CE61C9A4D7D00BFAA62 /* LaunchScreen.storyboard in Resources */ = {isa = PBXBuildFile; fileRef = D3924CE41C9A4D7D00BFAA62 /* LaunchScreen.storyboard */; };
		D904BE961D87E5FE00191AEA /* UIImage+Resize.m in Sources */ = {isa = PBXBuildFile; fileRef = D904BE951D87E5FE00191AEA /* UIImage+Resize.m */; };
		D91729271CEEF6D900E3C444 /* NormalController.m in Sources */ = {isa = PBXBuildFile; fileRef = D91729261CEEF6D900E3C444 /* NormalController.m */; };
		D91729311CEEF73900E3C444 /* Foo.m in Sources */ = {isa = PBXBuildFile; fileRef = D917292A1CEEF73900E3C444 /* Foo.m */; };
		D91729321CEEF73900E3C444 /* Observer.m in Sources */ = {isa = PBXBuildFile; fileRef = D917292C1CEEF73900E3C444 /* Observer.m */; };
		D91729331CEEF73900E3C444 /* Target.m in Sources */ = {isa = PBXBuildFile; fileRef = D917292E1CEEF73900E3C444 /* Target.m */; };
		D91729341CEEF73900E3C444 /* TargetWarpper.m in Sources */ = {isa = PBXBuildFile; fileRef = D91729301CEEF73900E3C444 /* TargetWarpper.m */; };
		D917293C1CEEF78E00E3C444 /* LoginUser.m in Sources */ = {isa = PBXBuildFile; fileRef = D91729371CEEF78E00E3C444 /* LoginUser.m */; };
		D917293D1CEEF78E00E3C444 /* LoginViewModel.m in Sources */ = {isa = PBXBuildFile; fileRef = D91729391CEEF78E00E3C444 /* LoginViewModel.m */; };
		D917293E1CEEF78E00E3C444 /* MVVM_LoginViewController.m in Sources */ = {isa = PBXBuildFile; fileRef = D917293B1CEEF78E00E3C444 /* MVVM_LoginViewController.m */; };
		D91729411CEEF7E100E3C444 /* ObserverTestController.m in Sources */ = {isa = PBXBuildFile; fileRef = D91729401CEEF7E100E3C444 /* ObserverTestController.m */; };
		D91729441CEEFEB800E3C444 /* ObjcRuntimeController.m in Sources */ = {isa = PBXBuildFile; fileRef = D91729431CEEFEB800E3C444 /* ObjcRuntimeController.m */; };
		D91729471CEEFF5800E3C444 /* MsgPackTestController.m in Sources */ = {isa = PBXBuildFile; fileRef = D91729461CEEFF5800E3C444 /* MsgPackTestController.m */; };
		D9303EB81D814104000856E7 /* UseXibController.m in Sources */ = {isa = PBXBuildFile; fileRef = D9303EB61D814104000856E7 /* UseXibController.m */; };
		D9303EB91D814104000856E7 /* UseXibController.xib in Resources */ = {isa = PBXBuildFile; fileRef = D9303EB71D814104000856E7 /* UseXibController.xib */; };
		D9303EC21D814277000856E7 /* img_activity_empty@2x.png in Resources */ = {isa = PBXBuildFile; fileRef = D9303EBC1D814277000856E7 /* img_activity_empty@2x.png */; };
		D9303EC31D814277000856E7 /* img_activity_empty@3x.png in Resources */ = {isa = PBXBuildFile; fileRef = D9303EBD1D814277000856E7 /* img_activity_empty@3x.png */; };
		D9303EC41D814277000856E7 /* img_head_default_parent@2x.jpg in Resources */ = {isa = PBXBuildFile; fileRef = D9303EBE1D814277000856E7 /* img_head_default_parent@2x.jpg */; };
		D9303EC51D814277000856E7 /* img_head_default_parent@3x.jpg in Resources */ = {isa = PBXBuildFile; fileRef = D9303EBF1D814277000856E7 /* img_head_default_parent@3x.jpg */; };
		D9303EC61D814277000856E7 /* img_head_kid_default@2x.jpg in Resources */ = {isa = PBXBuildFile; fileRef = D9303EC01D814277000856E7 /* img_head_kid_default@2x.jpg */; };
		D9303EC71D814277000856E7 /* img_head_kid_default@3x.jpg in Resources */ = {isa = PBXBuildFile; fileRef = D9303EC11D814277000856E7 /* img_head_kid_default@3x.jpg */; };
		D9303ECA1D814D20000856E7 /* UseStoryboardController.m in Sources */ = {isa = PBXBuildFile; fileRef = D9303EC91D814D20000856E7 /* UseStoryboardController.m */; };
		D9303ECC1D814D3A000856E7 /* UseStoryboard.storyboard in Resources */ = {isa = PBXBuildFile; fileRef = D9303ECB1D814D3A000856E7 /* UseStoryboard.storyboard */; };
		D93717651D7686C400F2924B /* SyntacticSugarController.m in Sources */ = {isa = PBXBuildFile; fileRef = D93717641D7686C400F2924B /* SyntacticSugarController.m */; };
		D93A42471D93BED80082A54B /* DivideEquleController.xib in Resources */ = {isa = PBXBuildFile; fileRef = D93A42461D93BED80082A54B /* DivideEquleController.xib */; };
		D94063521D6E956F00DD62A7 /* RACCaseClient.m in Sources */ = {isa = PBXBuildFile; fileRef = D94063491D6E956F00DD62A7 /* RACCaseClient.m */; };
		D94063531D6E956F00DD62A7 /* RACCaseController.m in Sources */ = {isa = PBXBuildFile; fileRef = D940634B1D6E956F00DD62A7 /* RACCaseController.m */; };
		D94063541D6E956F00DD62A7 /* RACCaseDatabaseClient.m in Sources */ = {isa = PBXBuildFile; fileRef = D940634D1D6E956F00DD62A7 /* RACCaseDatabaseClient.m */; };
		D94063551D6E956F00DD62A7 /* RACCaseObservedModel.m in Sources */ = {isa = PBXBuildFile; fileRef = D940634F1D6E956F00DD62A7 /* RACCaseObservedModel.m */; };
		D94063561D6E956F00DD62A7 /* RACCaseUser.m in Sources */ = {isa = PBXBuildFile; fileRef = D94063511D6E956F00DD62A7 /* RACCaseUser.m */; };
		D94063591D6E985100DD62A7 /* ImiateFollowController.m in Sources */ = {isa = PBXBuildFile; fileRef = D94063581D6E985100DD62A7 /* ImiateFollowController.m */; };
		D948DC721D869557008A72E4 /* DivideEquleController.m in Sources */ = {isa = PBXBuildFile; fileRef = D948DC701D869557008A72E4 /* DivideEquleController.m */; };
		D94BF8971D98C74E003E1276 /* img_layout_tableview.png in Resources */ = {isa = PBXBuildFile; fileRef = D94BF8961D98C74E003E1276 /* img_layout_tableview.png */; };
		D94BF89E1D98C893003E1276 /* T1Controller.m in Sources */ = {isa = PBXBuildFile; fileRef = D94BF89C1D98C893003E1276 /* T1Controller.m */; };
		D94BF89F1D98C893003E1276 /* T1Controller.xib in Resources */ = {isa = PBXBuildFile; fileRef = D94BF89D1D98C893003E1276 /* T1Controller.xib */; };
		D94BF8A81D98F98B003E1276 /* T2Controller.m in Sources */ = {isa = PBXBuildFile; fileRef = D94BF8A61D98F98B003E1276 /* T2Controller.m */; };
		D94BF8A91D98F98B003E1276 /* T2Controller.xib in Resources */ = {isa = PBXBuildFile; fileRef = D94BF8A71D98F98B003E1276 /* T2Controller.xib */; };
		D94BF8B71D991085003E1276 /* Cell_1.m in Sources */ = {isa = PBXBuildFile; fileRef = D94BF8AC1D991085003E1276 /* Cell_1.m */; };
		D94BF8B81D991085003E1276 /* Cell_1.xib in Resources */ = {isa = PBXBuildFile; fileRef = D94BF8AD1D991085003E1276 /* Cell_1.xib */; };
		D94BF8B91D991085003E1276 /* Cell_2.m in Sources */ = {isa = PBXBuildFile; fileRef = D94BF8AF1D991085003E1276 /* Cell_2.m */; };
		D94BF8BA1D991085003E1276 /* Cell_2.xib in Resources */ = {isa = PBXBuildFile; fileRef = D94BF8B01D991085003E1276 /* Cell_2.xib */; };
		D94BF8BB1D991085003E1276 /* FirstTableCell.m in Sources */ = {isa = PBXBuildFile; fileRef = D94BF8B21D991085003E1276 /* FirstTableCell.m */; };
		D94BF8BC1D991085003E1276 /* FirstTableCell.xib in Resources */ = {isa = PBXBuildFile; fileRef = D94BF8B31D991085003E1276 /* FirstTableCell.xib */; };
		D94BF8BD1D991085003E1276 /* NewsCell.m in Sources */ = {isa = PBXBuildFile; fileRef = D94BF8B51D991085003E1276 /* NewsCell.m */; };
		D94BF8BE1D991085003E1276 /* NewsCell.xib in Resources */ = {isa = PBXBuildFile; fileRef = D94BF8B61D991085003E1276 /* NewsCell.xib */; };
		D94BF8C21D9910F0003E1276 /* Cell_3.m in Sources */ = {isa = PBXBuildFile; fileRef = D94BF8C01D9910F0003E1276 /* Cell_3.m */; };
		D94BF8C31D9910F0003E1276 /* Cell_3.xib in Resources */ = {isa = PBXBuildFile; fileRef = D94BF8C11D9910F0003E1276 /* Cell_3.xib */; };
		D94BF8C71D9911A3003E1276 /* T3Controller.m in Sources */ = {isa = PBXBuildFile; fileRef = D94BF8C51D9911A3003E1276 /* T3Controller.m */; };
		D94BF8C81D9911A3003E1276 /* T3Controller.xib in Resources */ = {isa = PBXBuildFile; fileRef = D94BF8C61D9911A3003E1276 /* T3Controller.xib */; };
		D94BF8CB1D9915D5003E1276 /* NSString+CalculateSize.m in Sources */ = {isa = PBXBuildFile; fileRef = D94BF8CA1D9915D5003E1276 /* NSString+CalculateSize.m */; };
		D94BF8CF1D991A0D003E1276 /* Cell_4.m in Sources */ = {isa = PBXBuildFile; fileRef = D94BF8CD1D991A0D003E1276 /* Cell_4.m */; };
		D94BF8D01D991A0D003E1276 /* Cell_4.xib in Resources */ = {isa = PBXBuildFile; fileRef = D94BF8CE1D991A0D003E1276 /* Cell_4.xib */; };
		D94BF8D41D991A9F003E1276 /* T4Controller.m in Sources */ = {isa = PBXBuildFile; fileRef = D94BF8D21D991A9F003E1276 /* T4Controller.m */; };
		D94BF8D51D991A9F003E1276 /* T4Controller.xib in Resources */ = {isa = PBXBuildFile; fileRef = D94BF8D31D991A9F003E1276 /* T4Controller.xib */; };
		D94BF8D91D99223F003E1276 /* Cell_5.m in Sources */ = {isa = PBXBuildFile; fileRef = D94BF8D71D99223F003E1276 /* Cell_5.m */; };
		D94BF8DA1D99223F003E1276 /* Cell_5.xib in Resources */ = {isa = PBXBuildFile; fileRef = D94BF8D81D99223F003E1276 /* Cell_5.xib */; };
		D94BF8DE1D99225D003E1276 /* T5Controller.m in Sources */ = {isa = PBXBuildFile; fileRef = D94BF8DC1D99225D003E1276 /* T5Controller.m */; };
		D94BF8DF1D99225D003E1276 /* T5Controller.xib in Resources */ = {isa = PBXBuildFile; fileRef = D94BF8DD1D99225D003E1276 /* T5Controller.xib */; };
		D95521C31D95292C000F97CA /* FirstTableController.m in Sources */ = {isa = PBXBuildFile; fileRef = D95521BA1D95292C000F97CA /* FirstTableController.m */; };
		D95521C61D95292C000F97CA /* UseXib_Cell_Controller.m in Sources */ = {isa = PBXBuildFile; fileRef = D95521BF1D95292C000F97CA /* UseXib_Cell_Controller.m */; };
		D95521C71D95292C000F97CA /* UseXib_Cell_Controller.xib in Resources */ = {isa = PBXBuildFile; fileRef = D95521C01D95292C000F97CA /* UseXib_Cell_Controller.xib */; };
		D95A18A61CC9F77000C41AED /* MainTestController.m in Sources */ = {isa = PBXBuildFile; fileRef = D95A18A51CC9F77000C41AED /* MainTestController.m */; };
		D9AC13951D618F2E00D1B333 /* NSURLSessionTestController.m in Sources */ = {isa = PBXBuildFile; fileRef = D9AC13941D618F2E00D1B333 /* NSURLSessionTestController.m */; };
		D9B55B4D1CEAB404006014C4 /* MVCArticleModel.m in Sources */ = {isa = PBXBuildFile; fileRef = D9B55B481CEAB404006014C4 /* MVCArticleModel.m */; };
		D9B55B4E1CEAB404006014C4 /* MVCPostDetailController.m in Sources */ = {isa = PBXBuildFile; fileRef = D9B55B4A1CEAB404006014C4 /* MVCPostDetailController.m */; };
		D9B55B4F1CEAB404006014C4 /* MVCPostlistController.m in Sources */ = {isa = PBXBuildFile; fileRef = D9B55B4C1CEAB404006014C4 /* MVCPostlistController.m */; };
		D9B55B521CEAB41B006014C4 /* MVVMPostListController.m in Sources */ = {isa = PBXBuildFile; fileRef = D9B55B511CEAB41B006014C4 /* MVVMPostListController.m */; };
		D9B55B551CEAB43B006014C4 /* MVVMPostDetailController.m in Sources */ = {isa = PBXBuildFile; fileRef = D9B55B541CEAB43B006014C4 /* MVVMPostDetailController.m */; };
		D9CEBB3F1CFD28F200FF2248 /* ArticleDetailViewModel.m in Sources */ = {isa = PBXBuildFile; fileRef = D9CEBB3E1CFD28F200FF2248 /* ArticleDetailViewModel.m */; };
		D9DCA3A71CFE776E00DCED1B /* ArticleModel.m in Sources */ = {isa = PBXBuildFile; fileRef = D9DCA3A41CFE776E00DCED1B /* ArticleModel.m */; };
		D9DCA3A81CFE776E00DCED1B /* CategoryArticleListModel.m in Sources */ = {isa = PBXBuildFile; fileRef = D9DCA3A61CFE776E00DCED1B /* CategoryArticleListModel.m */; };
		D9DCA3AB1CFE778C00DCED1B /* ArticleListViewModel.m in Sources */ = {isa = PBXBuildFile; fileRef = D9DCA3AA1CFE778C00DCED1B /* ArticleListViewModel.m */; };
		D9DCA3AE1CFE782F00DCED1B /* ArticleListItemViewModel.m in Sources */ = {isa = PBXBuildFile; fileRef = D9DCA3AD1CFE782F00DCED1B /* ArticleListItemViewModel.m */; };
		D9DCA3B51CFE8CD900DCED1B /* BlogDataModel.m in Sources */ = {isa = PBXBuildFile; fileRef = D9DCA3B41CFE8CD900DCED1B /* BlogDataModel.m */; };
		D9DCA3B81CFE8EA400DCED1B /* CategoryBlogListDataModel.m in Sources */ = {isa = PBXBuildFile; fileRef = D9DCA3B71CFE8EA400DCED1B /* CategoryBlogListDataModel.m */; };
		D9DCA3BB1CFE8EF500DCED1B /* BLogListViewModel.m in Sources */ = {isa = PBXBuildFile; fileRef = D9DCA3BA1CFE8EF500DCED1B /* BLogListViewModel.m */; };
		D9DCA3BE1CFE8F0400DCED1B /* BlogListItemViewModel.m in Sources */ = {isa = PBXBuildFile; fileRef = D9DCA3BD1CFE8F0400DCED1B /* BlogListItemViewModel.m */; };
		D9DCA3C11CFE8F1300DCED1B /* BlogDetailViewModel.m in Sources */ = {isa = PBXBuildFile; fileRef = D9DCA3C01CFE8F1300DCED1B /* BlogDetailViewModel.m */; };
		D9DCA3C41CFEC2FD00DCED1B /* BlogListController.m in Sources */ = {isa = PBXBuildFile; fileRef = D9DCA3C31CFEC2FD00DCED1B /* BlogListController.m */; };
		D9DCA3C71CFEC30B00DCED1B /* BlogDetailController.m in Sources */ = {isa = PBXBuildFile; fileRef = D9DCA3C61CFEC30B00DCED1B /* BlogDetailController.m */; };
		D9EBA0401D6C2B31001C4414 /* CustomURLProtocol.m in Sources */ = {isa = PBXBuildFile; fileRef = D9EBA03F1D6C2B31001C4414 /* CustomURLProtocol.m */; };
		D9EBA0441D6C3B28001C4414 /* URLProtocolTestController.m in Sources */ = {isa = PBXBuildFile; fileRef = D9EBA0431D6C3B28001C4414 /* URLProtocolTestController.m */; };
/* End PBXBuildFile section */

/* Begin PBXFileReference section */
		17AAF918369E054700D63DBA /* Pods-NetworkFramConstruct.release.xcconfig */ = {isa = PBXFileReference; includeInIndex = 1; lastKnownFileType = text.xcconfig; name = "Pods-NetworkFramConstruct.release.xcconfig"; path = "Pods/Target Support Files/Pods-NetworkFramConstruct/Pods-NetworkFramConstruct.release.xcconfig"; sourceTree = "<group>"; };
		64FD0BEA5FCB769816B930ED /* Pods-NetworkFramConstruct.debug.xcconfig */ = {isa = PBXFileReference; includeInIndex = 1; lastKnownFileType = text.xcconfig; name = "Pods-NetworkFramConstruct.debug.xcconfig"; path = "Pods/Target Support Files/Pods-NetworkFramConstruct/Pods-NetworkFramConstruct.debug.xcconfig"; sourceTree = "<group>"; };
		7A2D6F6E583F6B4DDBD55590 /* libPods-NetworkFramConstruct.a */ = {isa = PBXFileReference; explicitFileType = archive.ar; includeInIndex = 0; path = "libPods-NetworkFramConstruct.a"; sourceTree = BUILT_PRODUCTS_DIR; };
		D3924CD31C9A4D7D00BFAA62 /* NetworkFramConstruct.app */ = {isa = PBXFileReference; explicitFileType = wrapper.application; includeInIndex = 0; path = NetworkFramConstruct.app; sourceTree = BUILT_PRODUCTS_DIR; };
		D3924CD71C9A4D7D00BFAA62 /* main.m */ = {isa = PBXFileReference; lastKnownFileType = sourcecode.c.objc; path = main.m; sourceTree = "<group>"; };
		D3924CD91C9A4D7D00BFAA62 /* AppDelegate.h */ = {isa = PBXFileReference; lastKnownFileType = sourcecode.c.h; path = AppDelegate.h; sourceTree = "<group>"; };
		D3924CDA1C9A4D7D00BFAA62 /* AppDelegate.m */ = {isa = PBXFileReference; lastKnownFileType = sourcecode.c.objc; path = AppDelegate.m; sourceTree = "<group>"; };
		D3924CE01C9A4D7D00BFAA62 /* Base */ = {isa = PBXFileReference; lastKnownFileType = file.storyboard; name = Base; path = Base.lproj/Main.storyboard; sourceTree = "<group>"; };
		D3924CE21C9A4D7D00BFAA62 /* Assets.xcassets */ = {isa = PBXFileReference; lastKnownFileType = folder.assetcatalog; path = Assets.xcassets; sourceTree = "<group>"; };
		D3924CE51C9A4D7D00BFAA62 /* Base */ = {isa = PBXFileReference; lastKnownFileType = file.storyboard; name = Base; path = Base.lproj/LaunchScreen.storyboard; sourceTree = "<group>"; };
		D3924CE71C9A4D7D00BFAA62 /* Info.plist */ = {isa = PBXFileReference; lastKnownFileType = text.plist.xml; path = Info.plist; sourceTree = "<group>"; };
		D904BE941D87E5FE00191AEA /* UIImage+Resize.h */ = {isa = PBXFileReference; fileEncoding = 4; lastKnownFileType = sourcecode.c.h; path = "UIImage+Resize.h"; sourceTree = "<group>"; };
		D904BE951D87E5FE00191AEA /* UIImage+Resize.m */ = {isa = PBXFileReference; fileEncoding = 4; lastKnownFileType = sourcecode.c.objc; path = "UIImage+Resize.m"; sourceTree = "<group>"; };
		D91729251CEEF6D900E3C444 /* NormalController.h */ = {isa = PBXFileReference; fileEncoding = 4; lastKnownFileType = sourcecode.c.h; path = NormalController.h; sourceTree = "<group>"; };
		D91729261CEEF6D900E3C444 /* NormalController.m */ = {isa = PBXFileReference; fileEncoding = 4; lastKnownFileType = sourcecode.c.objc; path = NormalController.m; sourceTree = "<group>"; };
		D91729291CEEF73900E3C444 /* Foo.h */ = {isa = PBXFileReference; fileEncoding = 4; lastKnownFileType = sourcecode.c.h; path = Foo.h; sourceTree = "<group>"; };
		D917292A1CEEF73900E3C444 /* Foo.m */ = {isa = PBXFileReference; fileEncoding = 4; lastKnownFileType = sourcecode.c.objc; path = Foo.m; sourceTree = "<group>"; };
		D917292B1CEEF73900E3C444 /* Observer.h */ = {isa = PBXFileReference; fileEncoding = 4; lastKnownFileType = sourcecode.c.h; path = Observer.h; sourceTree = "<group>"; };
		D917292C1CEEF73900E3C444 /* Observer.m */ = {isa = PBXFileReference; fileEncoding = 4; lastKnownFileType = sourcecode.c.objc; path = Observer.m; sourceTree = "<group>"; };
		D917292D1CEEF73900E3C444 /* Target.h */ = {isa = PBXFileReference; fileEncoding = 4; lastKnownFileType = sourcecode.c.h; path = Target.h; sourceTree = "<group>"; };
		D917292E1CEEF73900E3C444 /* Target.m */ = {isa = PBXFileReference; fileEncoding = 4; lastKnownFileType = sourcecode.c.objc; path = Target.m; sourceTree = "<group>"; };
		D917292F1CEEF73900E3C444 /* TargetWarpper.h */ = {isa = PBXFileReference; fileEncoding = 4; lastKnownFileType = sourcecode.c.h; path = TargetWarpper.h; sourceTree = "<group>"; };
		D91729301CEEF73900E3C444 /* TargetWarpper.m */ = {isa = PBXFileReference; fileEncoding = 4; lastKnownFileType = sourcecode.c.objc; path = TargetWarpper.m; sourceTree = "<group>"; };
		D91729361CEEF78E00E3C444 /* LoginUser.h */ = {isa = PBXFileReference; fileEncoding = 4; lastKnownFileType = sourcecode.c.h; path = LoginUser.h; sourceTree = "<group>"; };
		D91729371CEEF78E00E3C444 /* LoginUser.m */ = {isa = PBXFileReference; fileEncoding = 4; lastKnownFileType = sourcecode.c.objc; path = LoginUser.m; sourceTree = "<group>"; };
		D91729381CEEF78E00E3C444 /* LoginViewModel.h */ = {isa = PBXFileReference; fileEncoding = 4; lastKnownFileType = sourcecode.c.h; path = LoginViewModel.h; sourceTree = "<group>"; };
		D91729391CEEF78E00E3C444 /* LoginViewModel.m */ = {isa = PBXFileReference; fileEncoding = 4; lastKnownFileType = sourcecode.c.objc; path = LoginViewModel.m; sourceTree = "<group>"; };
		D917293A1CEEF78E00E3C444 /* MVVM_LoginViewController.h */ = {isa = PBXFileReference; fileEncoding = 4; lastKnownFileType = sourcecode.c.h; path = MVVM_LoginViewController.h; sourceTree = "<group>"; };
		D917293B1CEEF78E00E3C444 /* MVVM_LoginViewController.m */ = {isa = PBXFileReference; fileEncoding = 4; lastKnownFileType = sourcecode.c.objc; path = MVVM_LoginViewController.m; sourceTree = "<group>"; };
		D917293F1CEEF7E100E3C444 /* ObserverTestController.h */ = {isa = PBXFileReference; fileEncoding = 4; lastKnownFileType = sourcecode.c.h; path = ObserverTestController.h; sourceTree = "<group>"; };
		D91729401CEEF7E100E3C444 /* ObserverTestController.m */ = {isa = PBXFileReference; fileEncoding = 4; lastKnownFileType = sourcecode.c.objc; path = ObserverTestController.m; sourceTree = "<group>"; };
		D91729421CEEFEB800E3C444 /* ObjcRuntimeController.h */ = {isa = PBXFileReference; fileEncoding = 4; lastKnownFileType = sourcecode.c.h; path = ObjcRuntimeController.h; sourceTree = "<group>"; };
		D91729431CEEFEB800E3C444 /* ObjcRuntimeController.m */ = {isa = PBXFileReference; fileEncoding = 4; lastKnownFileType = sourcecode.c.objc; path = ObjcRuntimeController.m; sourceTree = "<group>"; };
		D91729451CEEFF5800E3C444 /* MsgPackTestController.h */ = {isa = PBXFileReference; fileEncoding = 4; lastKnownFileType = sourcecode.c.h; path = MsgPackTestController.h; sourceTree = "<group>"; };
		D91729461CEEFF5800E3C444 /* MsgPackTestController.m */ = {isa = PBXFileReference; fileEncoding = 4; lastKnownFileType = sourcecode.c.objc; path = MsgPackTestController.m; sourceTree = "<group>"; };
		D9303EB51D814104000856E7 /* UseXibController.h */ = {isa = PBXFileReference; fileEncoding = 4; lastKnownFileType = sourcecode.c.h; path = UseXibController.h; sourceTree = "<group>"; };
		D9303EB61D814104000856E7 /* UseXibController.m */ = {isa = PBXFileReference; fileEncoding = 4; lastKnownFileType = sourcecode.c.objc; path = UseXibController.m; sourceTree = "<group>"; };
		D9303EB71D814104000856E7 /* UseXibController.xib */ = {isa = PBXFileReference; fileEncoding = 4; lastKnownFileType = file.xib; path = UseXibController.xib; sourceTree = "<group>"; };
		D9303EBC1D814277000856E7 /* img_activity_empty@2x.png */ = {isa = PBXFileReference; lastKnownFileType = image.png; path = "img_activity_empty@2x.png"; sourceTree = "<group>"; };
		D9303EBD1D814277000856E7 /* img_activity_empty@3x.png */ = {isa = PBXFileReference; lastKnownFileType = image.png; path = "img_activity_empty@3x.png"; sourceTree = "<group>"; };
		D9303EBE1D814277000856E7 /* img_head_default_parent@2x.jpg */ = {isa = PBXFileReference; lastKnownFileType = image.jpeg; path = "img_head_default_parent@2x.jpg"; sourceTree = "<group>"; };
		D9303EBF1D814277000856E7 /* img_head_default_parent@3x.jpg */ = {isa = PBXFileReference; lastKnownFileType = image.jpeg; path = "img_head_default_parent@3x.jpg"; sourceTree = "<group>"; };
		D9303EC01D814277000856E7 /* img_head_kid_default@2x.jpg */ = {isa = PBXFileReference; lastKnownFileType = image.jpeg; path = "img_head_kid_default@2x.jpg"; sourceTree = "<group>"; };
		D9303EC11D814277000856E7 /* img_head_kid_default@3x.jpg */ = {isa = PBXFileReference; lastKnownFileType = image.jpeg; path = "img_head_kid_default@3x.jpg"; sourceTree = "<group>"; };
		D9303EC81D814D20000856E7 /* UseStoryboardController.h */ = {isa = PBXFileReference; fileEncoding = 4; lastKnownFileType = sourcecode.c.h; path = UseStoryboardController.h; sourceTree = "<group>"; };
		D9303EC91D814D20000856E7 /* UseStoryboardController.m */ = {isa = PBXFileReference; fileEncoding = 4; lastKnownFileType = sourcecode.c.objc; path = UseStoryboardController.m; sourceTree = "<group>"; };
		D9303ECB1D814D3A000856E7 /* UseStoryboard.storyboard */ = {isa = PBXFileReference; fileEncoding = 4; lastKnownFileType = file.storyboard; path = UseStoryboard.storyboard; sourceTree = "<group>"; };
		D93717631D7686C400F2924B /* SyntacticSugarController.h */ = {isa = PBXFileReference; fileEncoding = 4; lastKnownFileType = sourcecode.c.h; path = SyntacticSugarController.h; sourceTree = "<group>"; };
		D93717641D7686C400F2924B /* SyntacticSugarController.m */ = {isa = PBXFileReference; fileEncoding = 4; lastKnownFileType = sourcecode.c.objc; path = SyntacticSugarController.m; sourceTree = "<group>"; };
		D93A42461D93BED80082A54B /* DivideEquleController.xib */ = {isa = PBXFileReference; fileEncoding = 4; lastKnownFileType = file.xib; path = DivideEquleController.xib; sourceTree = "<group>"; };
		D94063481D6E956F00DD62A7 /* RACCaseClient.h */ = {isa = PBXFileReference; fileEncoding = 4; lastKnownFileType = sourcecode.c.h; path = RACCaseClient.h; sourceTree = "<group>"; };
		D94063491D6E956F00DD62A7 /* RACCaseClient.m */ = {isa = PBXFileReference; fileEncoding = 4; lastKnownFileType = sourcecode.c.objc; path = RACCaseClient.m; sourceTree = "<group>"; };
		D940634A1D6E956F00DD62A7 /* RACCaseController.h */ = {isa = PBXFileReference; fileEncoding = 4; lastKnownFileType = sourcecode.c.h; path = RACCaseController.h; sourceTree = "<group>"; };
		D940634B1D6E956F00DD62A7 /* RACCaseController.m */ = {isa = PBXFileReference; fileEncoding = 4; lastKnownFileType = sourcecode.c.objc; path = RACCaseController.m; sourceTree = "<group>"; };
		D940634C1D6E956F00DD62A7 /* RACCaseDatabaseClient.h */ = {isa = PBXFileReference; fileEncoding = 4; lastKnownFileType = sourcecode.c.h; path = RACCaseDatabaseClient.h; sourceTree = "<group>"; };
		D940634D1D6E956F00DD62A7 /* RACCaseDatabaseClient.m */ = {isa = PBXFileReference; fileEncoding = 4; lastKnownFileType = sourcecode.c.objc; path = RACCaseDatabaseClient.m; sourceTree = "<group>"; };
		D940634E1D6E956F00DD62A7 /* RACCaseObservedModel.h */ = {isa = PBXFileReference; fileEncoding = 4; lastKnownFileType = sourcecode.c.h; path = RACCaseObservedModel.h; sourceTree = "<group>"; };
		D940634F1D6E956F00DD62A7 /* RACCaseObservedModel.m */ = {isa = PBXFileReference; fileEncoding = 4; lastKnownFileType = sourcecode.c.objc; path = RACCaseObservedModel.m; sourceTree = "<group>"; };
		D94063501D6E956F00DD62A7 /* RACCaseUser.h */ = {isa = PBXFileReference; fileEncoding = 4; lastKnownFileType = sourcecode.c.h; path = RACCaseUser.h; sourceTree = "<group>"; };
		D94063511D6E956F00DD62A7 /* RACCaseUser.m */ = {isa = PBXFileReference; fileEncoding = 4; lastKnownFileType = sourcecode.c.objc; path = RACCaseUser.m; sourceTree = "<group>"; };
		D94063571D6E985100DD62A7 /* ImiateFollowController.h */ = {isa = PBXFileReference; fileEncoding = 4; lastKnownFileType = sourcecode.c.h; path = ImiateFollowController.h; sourceTree = "<group>"; };
		D94063581D6E985100DD62A7 /* ImiateFollowController.m */ = {isa = PBXFileReference; fileEncoding = 4; lastKnownFileType = sourcecode.c.objc; path = ImiateFollowController.m; sourceTree = "<group>"; };
		D948DC6F1D869557008A72E4 /* DivideEquleController.h */ = {isa = PBXFileReference; fileEncoding = 4; lastKnownFileType = sourcecode.c.h; path = DivideEquleController.h; sourceTree = "<group>"; };
		D948DC701D869557008A72E4 /* DivideEquleController.m */ = {isa = PBXFileReference; fileEncoding = 4; lastKnownFileType = sourcecode.c.objc; path = DivideEquleController.m; sourceTree = "<group>"; };
		D94BF8961D98C74E003E1276 /* img_layout_tableview.png */ = {isa = PBXFileReference; lastKnownFileType = image.png; path = img_layout_tableview.png; sourceTree = "<group>"; };
		D94BF89B1D98C893003E1276 /* T1Controller.h */ = {isa = PBXFileReference; fileEncoding = 4; lastKnownFileType = sourcecode.c.h; path = T1Controller.h; sourceTree = "<group>"; };
		D94BF89C1D98C893003E1276 /* T1Controller.m */ = {isa = PBXFileReference; fileEncoding = 4; lastKnownFileType = sourcecode.c.objc; path = T1Controller.m; sourceTree = "<group>"; };
		D94BF89D1D98C893003E1276 /* T1Controller.xib */ = {isa = PBXFileReference; fileEncoding = 4; lastKnownFileType = file.xib; path = T1Controller.xib; sourceTree = "<group>"; };
		D94BF8A51D98F98B003E1276 /* T2Controller.h */ = {isa = PBXFileReference; fileEncoding = 4; lastKnownFileType = sourcecode.c.h; path = T2Controller.h; sourceTree = "<group>"; };
		D94BF8A61D98F98B003E1276 /* T2Controller.m */ = {isa = PBXFileReference; fileEncoding = 4; lastKnownFileType = sourcecode.c.objc; path = T2Controller.m; sourceTree = "<group>"; };
		D94BF8A71D98F98B003E1276 /* T2Controller.xib */ = {isa = PBXFileReference; fileEncoding = 4; lastKnownFileType = file.xib; path = T2Controller.xib; sourceTree = "<group>"; };
		D94BF8AB1D991085003E1276 /* Cell_1.h */ = {isa = PBXFileReference; fileEncoding = 4; lastKnownFileType = sourcecode.c.h; path = Cell_1.h; sourceTree = "<group>"; };
		D94BF8AC1D991085003E1276 /* Cell_1.m */ = {isa = PBXFileReference; fileEncoding = 4; lastKnownFileType = sourcecode.c.objc; path = Cell_1.m; sourceTree = "<group>"; };
		D94BF8AD1D991085003E1276 /* Cell_1.xib */ = {isa = PBXFileReference; fileEncoding = 4; lastKnownFileType = file.xib; path = Cell_1.xib; sourceTree = "<group>"; };
		D94BF8AE1D991085003E1276 /* Cell_2.h */ = {isa = PBXFileReference; fileEncoding = 4; lastKnownFileType = sourcecode.c.h; path = Cell_2.h; sourceTree = "<group>"; };
		D94BF8AF1D991085003E1276 /* Cell_2.m */ = {isa = PBXFileReference; fileEncoding = 4; lastKnownFileType = sourcecode.c.objc; path = Cell_2.m; sourceTree = "<group>"; };
		D94BF8B01D991085003E1276 /* Cell_2.xib */ = {isa = PBXFileReference; fileEncoding = 4; lastKnownFileType = file.xib; path = Cell_2.xib; sourceTree = "<group>"; };
		D94BF8B11D991085003E1276 /* FirstTableCell.h */ = {isa = PBXFileReference; fileEncoding = 4; lastKnownFileType = sourcecode.c.h; path = FirstTableCell.h; sourceTree = "<group>"; };
		D94BF8B21D991085003E1276 /* FirstTableCell.m */ = {isa = PBXFileReference; fileEncoding = 4; lastKnownFileType = sourcecode.c.objc; path = FirstTableCell.m; sourceTree = "<group>"; };
		D94BF8B31D991085003E1276 /* FirstTableCell.xib */ = {isa = PBXFileReference; fileEncoding = 4; lastKnownFileType = file.xib; path = FirstTableCell.xib; sourceTree = "<group>"; };
		D94BF8B41D991085003E1276 /* NewsCell.h */ = {isa = PBXFileReference; fileEncoding = 4; lastKnownFileType = sourcecode.c.h; path = NewsCell.h; sourceTree = "<group>"; };
		D94BF8B51D991085003E1276 /* NewsCell.m */ = {isa = PBXFileReference; fileEncoding = 4; lastKnownFileType = sourcecode.c.objc; path = NewsCell.m; sourceTree = "<group>"; };
		D94BF8B61D991085003E1276 /* NewsCell.xib */ = {isa = PBXFileReference; fileEncoding = 4; lastKnownFileType = file.xib; path = NewsCell.xib; sourceTree = "<group>"; };
		D94BF8BF1D9910EF003E1276 /* Cell_3.h */ = {isa = PBXFileReference; fileEncoding = 4; lastKnownFileType = sourcecode.c.h; path = Cell_3.h; sourceTree = "<group>"; };
		D94BF8C01D9910F0003E1276 /* Cell_3.m */ = {isa = PBXFileReference; fileEncoding = 4; lastKnownFileType = sourcecode.c.objc; path = Cell_3.m; sourceTree = "<group>"; };
		D94BF8C11D9910F0003E1276 /* Cell_3.xib */ = {isa = PBXFileReference; fileEncoding = 4; lastKnownFileType = file.xib; path = Cell_3.xib; sourceTree = "<group>"; };
		D94BF8C41D9911A3003E1276 /* T3Controller.h */ = {isa = PBXFileReference; fileEncoding = 4; lastKnownFileType = sourcecode.c.h; path = T3Controller.h; sourceTree = "<group>"; };
		D94BF8C51D9911A3003E1276 /* T3Controller.m */ = {isa = PBXFileReference; fileEncoding = 4; lastKnownFileType = sourcecode.c.objc; path = T3Controller.m; sourceTree = "<group>"; };
		D94BF8C61D9911A3003E1276 /* T3Controller.xib */ = {isa = PBXFileReference; fileEncoding = 4; lastKnownFileType = file.xib; path = T3Controller.xib; sourceTree = "<group>"; };
		D94BF8C91D9915D5003E1276 /* NSString+CalculateSize.h */ = {isa = PBXFileReference; fileEncoding = 4; lastKnownFileType = sourcecode.c.h; path = "NSString+CalculateSize.h"; sourceTree = "<group>"; };
		D94BF8CA1D9915D5003E1276 /* NSString+CalculateSize.m */ = {isa = PBXFileReference; fileEncoding = 4; lastKnownFileType = sourcecode.c.objc; path = "NSString+CalculateSize.m"; sourceTree = "<group>"; };
		D94BF8CC1D991A0D003E1276 /* Cell_4.h */ = {isa = PBXFileReference; fileEncoding = 4; lastKnownFileType = sourcecode.c.h; path = Cell_4.h; sourceTree = "<group>"; };
		D94BF8CD1D991A0D003E1276 /* Cell_4.m */ = {isa = PBXFileReference; fileEncoding = 4; lastKnownFileType = sourcecode.c.objc; path = Cell_4.m; sourceTree = "<group>"; };
		D94BF8CE1D991A0D003E1276 /* Cell_4.xib */ = {isa = PBXFileReference; fileEncoding = 4; lastKnownFileType = file.xib; path = Cell_4.xib; sourceTree = "<group>"; };
		D94BF8D11D991A9F003E1276 /* T4Controller.h */ = {isa = PBXFileReference; fileEncoding = 4; lastKnownFileType = sourcecode.c.h; path = T4Controller.h; sourceTree = "<group>"; };
		D94BF8D21D991A9F003E1276 /* T4Controller.m */ = {isa = PBXFileReference; fileEncoding = 4; lastKnownFileType = sourcecode.c.objc; path = T4Controller.m; sourceTree = "<group>"; };
		D94BF8D31D991A9F003E1276 /* T4Controller.xib */ = {isa = PBXFileReference; fileEncoding = 4; lastKnownFileType = file.xib; path = T4Controller.xib; sourceTree = "<group>"; };
		D94BF8D61D99223F003E1276 /* Cell_5.h */ = {isa = PBXFileReference; fileEncoding = 4; lastKnownFileType = sourcecode.c.h; path = Cell_5.h; sourceTree = "<group>"; };
		D94BF8D71D99223F003E1276 /* Cell_5.m */ = {isa = PBXFileReference; fileEncoding = 4; lastKnownFileType = sourcecode.c.objc; path = Cell_5.m; sourceTree = "<group>"; };
		D94BF8D81D99223F003E1276 /* Cell_5.xib */ = {isa = PBXFileReference; fileEncoding = 4; lastKnownFileType = file.xib; path = Cell_5.xib; sourceTree = "<group>"; };
		D94BF8DB1D99225D003E1276 /* T5Controller.h */ = {isa = PBXFileReference; fileEncoding = 4; lastKnownFileType = sourcecode.c.h; path = T5Controller.h; sourceTree = "<group>"; };
		D94BF8DC1D99225D003E1276 /* T5Controller.m */ = {isa = PBXFileReference; fileEncoding = 4; lastKnownFileType = sourcecode.c.objc; path = T5Controller.m; sourceTree = "<group>"; };
		D94BF8DD1D99225D003E1276 /* T5Controller.xib */ = {isa = PBXFileReference; fileEncoding = 4; lastKnownFileType = file.xib; path = T5Controller.xib; sourceTree = "<group>"; };
		D95521B91D95292C000F97CA /* FirstTableController.h */ = {isa = PBXFileReference; fileEncoding = 4; lastKnownFileType = sourcecode.c.h; path = FirstTableController.h; sourceTree = "<group>"; };
		D95521BA1D95292C000F97CA /* FirstTableController.m */ = {isa = PBXFileReference; fileEncoding = 4; lastKnownFileType = sourcecode.c.objc; path = FirstTableController.m; sourceTree = "<group>"; };
		D95521BE1D95292C000F97CA /* UseXib_Cell_Controller.h */ = {isa = PBXFileReference; fileEncoding = 4; lastKnownFileType = sourcecode.c.h; path = UseXib_Cell_Controller.h; sourceTree = "<group>"; };
		D95521BF1D95292C000F97CA /* UseXib_Cell_Controller.m */ = {isa = PBXFileReference; fileEncoding = 4; lastKnownFileType = sourcecode.c.objc; path = UseXib_Cell_Controller.m; sourceTree = "<group>"; };
		D95521C01D95292C000F97CA /* UseXib_Cell_Controller.xib */ = {isa = PBXFileReference; fileEncoding = 4; lastKnownFileType = file.xib; path = UseXib_Cell_Controller.xib; sourceTree = "<group>"; };
		D95A18A41CC9F77000C41AED /* MainTestController.h */ = {isa = PBXFileReference; fileEncoding = 4; lastKnownFileType = sourcecode.c.h; path = MainTestController.h; sourceTree = "<group>"; };
		D95A18A51CC9F77000C41AED /* MainTestController.m */ = {isa = PBXFileReference; fileEncoding = 4; lastKnownFileType = sourcecode.c.objc; path = MainTestController.m; sourceTree = "<group>"; };
		D95A18A71CCA1AB000C41AED /* libobjc.tbd */ = {isa = PBXFileReference; lastKnownFileType = "sourcecode.text-based-dylib-definition"; name = libobjc.tbd; path = usr/lib/libobjc.tbd; sourceTree = SDKROOT; };
		D9AC13931D618F2E00D1B333 /* NSURLSessionTestController.h */ = {isa = PBXFileReference; fileEncoding = 4; lastKnownFileType = sourcecode.c.h; path = NSURLSessionTestController.h; sourceTree = "<group>"; };
		D9AC13941D618F2E00D1B333 /* NSURLSessionTestController.m */ = {isa = PBXFileReference; fileEncoding = 4; lastKnownFileType = sourcecode.c.objc; path = NSURLSessionTestController.m; sourceTree = "<group>"; };
		D9B55B471CEAB404006014C4 /* MVCArticleModel.h */ = {isa = PBXFileReference; fileEncoding = 4; lastKnownFileType = sourcecode.c.h; path = MVCArticleModel.h; sourceTree = "<group>"; };
		D9B55B481CEAB404006014C4 /* MVCArticleModel.m */ = {isa = PBXFileReference; fileEncoding = 4; lastKnownFileType = sourcecode.c.objc; path = MVCArticleModel.m; sourceTree = "<group>"; };
		D9B55B491CEAB404006014C4 /* MVCPostDetailController.h */ = {isa = PBXFileReference; fileEncoding = 4; lastKnownFileType = sourcecode.c.h; path = MVCPostDetailController.h; sourceTree = "<group>"; };
		D9B55B4A1CEAB404006014C4 /* MVCPostDetailController.m */ = {isa = PBXFileReference; fileEncoding = 4; lastKnownFileType = sourcecode.c.objc; path = MVCPostDetailController.m; sourceTree = "<group>"; };
		D9B55B4B1CEAB404006014C4 /* MVCPostlistController.h */ = {isa = PBXFileReference; fileEncoding = 4; lastKnownFileType = sourcecode.c.h; path = MVCPostlistController.h; sourceTree = "<group>"; };
		D9B55B4C1CEAB404006014C4 /* MVCPostlistController.m */ = {isa = PBXFileReference; fileEncoding = 4; lastKnownFileType = sourcecode.c.objc; path = MVCPostlistController.m; sourceTree = "<group>"; };
		D9B55B501CEAB41B006014C4 /* MVVMPostListController.h */ = {isa = PBXFileReference; fileEncoding = 4; lastKnownFileType = sourcecode.c.h; path = MVVMPostListController.h; sourceTree = "<group>"; };
		D9B55B511CEAB41B006014C4 /* MVVMPostListController.m */ = {isa = PBXFileReference; fileEncoding = 4; lastKnownFileType = sourcecode.c.objc; path = MVVMPostListController.m; sourceTree = "<group>"; };
		D9B55B531CEAB43B006014C4 /* MVVMPostDetailController.h */ = {isa = PBXFileReference; fileEncoding = 4; lastKnownFileType = sourcecode.c.h; path = MVVMPostDetailController.h; sourceTree = "<group>"; };
		D9B55B541CEAB43B006014C4 /* MVVMPostDetailController.m */ = {isa = PBXFileReference; fileEncoding = 4; lastKnownFileType = sourcecode.c.objc; path = MVVMPostDetailController.m; sourceTree = "<group>"; };
		D9CEBB3D1CFD28F200FF2248 /* ArticleDetailViewModel.h */ = {isa = PBXFileReference; fileEncoding = 4; lastKnownFileType = sourcecode.c.h; path = ArticleDetailViewModel.h; sourceTree = "<group>"; };
		D9CEBB3E1CFD28F200FF2248 /* ArticleDetailViewModel.m */ = {isa = PBXFileReference; fileEncoding = 4; lastKnownFileType = sourcecode.c.objc; path = ArticleDetailViewModel.m; sourceTree = "<group>"; };
		D9DCA3A31CFE776E00DCED1B /* ArticleModel.h */ = {isa = PBXFileReference; fileEncoding = 4; lastKnownFileType = sourcecode.c.h; path = ArticleModel.h; sourceTree = "<group>"; };
		D9DCA3A41CFE776E00DCED1B /* ArticleModel.m */ = {isa = PBXFileReference; fileEncoding = 4; lastKnownFileType = sourcecode.c.objc; path = ArticleModel.m; sourceTree = "<group>"; };
		D9DCA3A51CFE776E00DCED1B /* CategoryArticleListModel.h */ = {isa = PBXFileReference; fileEncoding = 4; lastKnownFileType = sourcecode.c.h; path = CategoryArticleListModel.h; sourceTree = "<group>"; };
		D9DCA3A61CFE776E00DCED1B /* CategoryArticleListModel.m */ = {isa = PBXFileReference; fileEncoding = 4; lastKnownFileType = sourcecode.c.objc; path = CategoryArticleListModel.m; sourceTree = "<group>"; };
		D9DCA3A91CFE778C00DCED1B /* ArticleListViewModel.h */ = {isa = PBXFileReference; fileEncoding = 4; lastKnownFileType = sourcecode.c.h; path = ArticleListViewModel.h; sourceTree = "<group>"; };
		D9DCA3AA1CFE778C00DCED1B /* ArticleListViewModel.m */ = {isa = PBXFileReference; fileEncoding = 4; lastKnownFileType = sourcecode.c.objc; path = ArticleListViewModel.m; sourceTree = "<group>"; };
		D9DCA3AC1CFE782F00DCED1B /* ArticleListItemViewModel.h */ = {isa = PBXFileReference; fileEncoding = 4; lastKnownFileType = sourcecode.c.h; path = ArticleListItemViewModel.h; sourceTree = "<group>"; };
		D9DCA3AD1CFE782F00DCED1B /* ArticleListItemViewModel.m */ = {isa = PBXFileReference; fileEncoding = 4; lastKnownFileType = sourcecode.c.objc; path = ArticleListItemViewModel.m; sourceTree = "<group>"; };
		D9DCA3B31CFE8CD900DCED1B /* BlogDataModel.h */ = {isa = PBXFileReference; fileEncoding = 4; lastKnownFileType = sourcecode.c.h; path = BlogDataModel.h; sourceTree = "<group>"; };
		D9DCA3B41CFE8CD900DCED1B /* BlogDataModel.m */ = {isa = PBXFileReference; fileEncoding = 4; lastKnownFileType = sourcecode.c.objc; path = BlogDataModel.m; sourceTree = "<group>"; };
		D9DCA3B61CFE8EA400DCED1B /* CategoryBlogListDataModel.h */ = {isa = PBXFileReference; fileEncoding = 4; lastKnownFileType = sourcecode.c.h; path = CategoryBlogListDataModel.h; sourceTree = "<group>"; };
		D9DCA3B71CFE8EA400DCED1B /* CategoryBlogListDataModel.m */ = {isa = PBXFileReference; fileEncoding = 4; lastKnownFileType = sourcecode.c.objc; path = CategoryBlogListDataModel.m; sourceTree = "<group>"; };
		D9DCA3B91CFE8EF500DCED1B /* BLogListViewModel.h */ = {isa = PBXFileReference; fileEncoding = 4; lastKnownFileType = sourcecode.c.h; path = BLogListViewModel.h; sourceTree = "<group>"; };
		D9DCA3BA1CFE8EF500DCED1B /* BLogListViewModel.m */ = {isa = PBXFileReference; fileEncoding = 4; lastKnownFileType = sourcecode.c.objc; path = BLogListViewModel.m; sourceTree = "<group>"; };
		D9DCA3BC1CFE8F0400DCED1B /* BlogListItemViewModel.h */ = {isa = PBXFileReference; fileEncoding = 4; lastKnownFileType = sourcecode.c.h; path = BlogListItemViewModel.h; sourceTree = "<group>"; };
		D9DCA3BD1CFE8F0400DCED1B /* BlogListItemViewModel.m */ = {isa = PBXFileReference; fileEncoding = 4; lastKnownFileType = sourcecode.c.objc; path = BlogListItemViewModel.m; sourceTree = "<group>"; };
		D9DCA3BF1CFE8F1300DCED1B /* BlogDetailViewModel.h */ = {isa = PBXFileReference; fileEncoding = 4; lastKnownFileType = sourcecode.c.h; path = BlogDetailViewModel.h; sourceTree = "<group>"; };
		D9DCA3C01CFE8F1300DCED1B /* BlogDetailViewModel.m */ = {isa = PBXFileReference; fileEncoding = 4; lastKnownFileType = sourcecode.c.objc; path = BlogDetailViewModel.m; sourceTree = "<group>"; };
		D9DCA3C21CFEC2FD00DCED1B /* BlogListController.h */ = {isa = PBXFileReference; fileEncoding = 4; lastKnownFileType = sourcecode.c.h; path = BlogListController.h; sourceTree = "<group>"; };
		D9DCA3C31CFEC2FD00DCED1B /* BlogListController.m */ = {isa = PBXFileReference; fileEncoding = 4; lastKnownFileType = sourcecode.c.objc; path = BlogListController.m; sourceTree = "<group>"; };
		D9DCA3C51CFEC30B00DCED1B /* BlogDetailController.h */ = {isa = PBXFileReference; fileEncoding = 4; lastKnownFileType = sourcecode.c.h; path = BlogDetailController.h; sourceTree = "<group>"; };
		D9DCA3C61CFEC30B00DCED1B /* BlogDetailController.m */ = {isa = PBXFileReference; fileEncoding = 4; lastKnownFileType = sourcecode.c.objc; path = BlogDetailController.m; sourceTree = "<group>"; };
		D9EBA03E1D6C2B31001C4414 /* CustomURLProtocol.h */ = {isa = PBXFileReference; fileEncoding = 4; lastKnownFileType = sourcecode.c.h; path = CustomURLProtocol.h; sourceTree = "<group>"; };
		D9EBA03F1D6C2B31001C4414 /* CustomURLProtocol.m */ = {isa = PBXFileReference; fileEncoding = 4; lastKnownFileType = sourcecode.c.objc; path = CustomURLProtocol.m; sourceTree = "<group>"; };
		D9EBA0421D6C3B28001C4414 /* URLProtocolTestController.h */ = {isa = PBXFileReference; fileEncoding = 4; lastKnownFileType = sourcecode.c.h; path = URLProtocolTestController.h; sourceTree = "<group>"; };
		D9EBA0431D6C3B28001C4414 /* URLProtocolTestController.m */ = {isa = PBXFileReference; fileEncoding = 4; lastKnownFileType = sourcecode.c.objc; path = URLProtocolTestController.m; sourceTree = "<group>"; };
/* End PBXFileReference section */

/* Begin PBXFrameworksBuildPhase section */
		D3924CD01C9A4D7D00BFAA62 /* Frameworks */ = {
			isa = PBXFrameworksBuildPhase;
			buildActionMask = 2147483647;
			files = (
				A27AE1C04B36F5FCBF7B6BAB /* libPods-NetworkFramConstruct.a in Frameworks */,
			);
			runOnlyForDeploymentPostprocessing = 0;
		};
/* End PBXFrameworksBuildPhase section */

/* Begin PBXGroup section */
		1F238F57C9E0906C6A1AAA18 /* Pods */ = {
			isa = PBXGroup;
			children = (
				64FD0BEA5FCB769816B930ED /* Pods-NetworkFramConstruct.debug.xcconfig */,
				17AAF918369E054700D63DBA /* Pods-NetworkFramConstruct.release.xcconfig */,
			);
			name = Pods;
			sourceTree = "<group>";
		};
		D3924CCA1C9A4D7D00BFAA62 = {
			isa = PBXGroup;
			children = (
				D3924CD51C9A4D7D00BFAA62 /* NetworkFramConstruct */,
				D3924CD41C9A4D7D00BFAA62 /* Products */,
				1F238F57C9E0906C6A1AAA18 /* Pods */,
				FC8C6005A5870D9D374264F2 /* Frameworks */,
			);
			sourceTree = "<group>";
		};
		D3924CD41C9A4D7D00BFAA62 /* Products */ = {
			isa = PBXGroup;
			children = (
				D3924CD31C9A4D7D00BFAA62 /* NetworkFramConstruct.app */,
			);
			name = Products;
			sourceTree = "<group>";
		};
		D3924CD51C9A4D7D00BFAA62 /* NetworkFramConstruct */ = {
			isa = PBXGroup;
			children = (
				D9303EB41D8140C7000856E7 /* Autolayout */,
				D9EBA03D1D6C27CB001C4414 /* URLLoadSystem */,
				D91729241CEEF6C400E3C444 /* Normal */,
				D91729281CEEF71A00E3C444 /* Observer */,
				D98E9DB41CEACA9100C86479 /* RACCase */,
				D9C633B91CE2CCDC001C7CF0 /* MVVM */,
				D3924CD91C9A4D7D00BFAA62 /* AppDelegate.h */,
				D3924CDA1C9A4D7D00BFAA62 /* AppDelegate.m */,
				D95A18A41CC9F77000C41AED /* MainTestController.h */,
				D95A18A51CC9F77000C41AED /* MainTestController.m */,
				D3924CDF1C9A4D7D00BFAA62 /* Main.storyboard */,
				D3924CE21C9A4D7D00BFAA62 /* Assets.xcassets */,
				D3924CE41C9A4D7D00BFAA62 /* LaunchScreen.storyboard */,
				D3924CE71C9A4D7D00BFAA62 /* Info.plist */,
				D9303EBA1D8141FF000856E7 /* Resource */,
				D3924CD61C9A4D7D00BFAA62 /* Supporting Files */,
			);
			path = NetworkFramConstruct;
			sourceTree = "<group>";
		};
		D3924CD61C9A4D7D00BFAA62 /* Supporting Files */ = {
			isa = PBXGroup;
			children = (
				D3924CD71C9A4D7D00BFAA62 /* main.m */,
			);
			name = "Supporting Files";
			sourceTree = "<group>";
		};
		D904BE931D87E5DA00191AEA /* Extension */ = {
			isa = PBXGroup;
			children = (
				D904BE941D87E5FE00191AEA /* UIImage+Resize.h */,
				D904BE951D87E5FE00191AEA /* UIImage+Resize.m */,
				D94BF8C91D9915D5003E1276 /* NSString+CalculateSize.h */,
				D94BF8CA1D9915D5003E1276 /* NSString+CalculateSize.m */,
			);
			path = Extension;
			sourceTree = "<group>";
		};
		D91729241CEEF6C400E3C444 /* Normal */ = {
			isa = PBXGroup;
			children = (
				D91729251CEEF6D900E3C444 /* NormalController.h */,
				D91729261CEEF6D900E3C444 /* NormalController.m */,
				D91729421CEEFEB800E3C444 /* ObjcRuntimeController.h */,
				D91729431CEEFEB800E3C444 /* ObjcRuntimeController.m */,
				D91729451CEEFF5800E3C444 /* MsgPackTestController.h */,
				D91729461CEEFF5800E3C444 /* MsgPackTestController.m */,
				D9AC13931D618F2E00D1B333 /* NSURLSessionTestController.h */,
				D9AC13941D618F2E00D1B333 /* NSURLSessionTestController.m */,
				D93717631D7686C400F2924B /* SyntacticSugarController.h */,
				D93717641D7686C400F2924B /* SyntacticSugarController.m */,
			);
			path = Normal;
			sourceTree = "<group>";
		};
		D91729281CEEF71A00E3C444 /* Observer */ = {
			isa = PBXGroup;
			children = (
				D91729291CEEF73900E3C444 /* Foo.h */,
				D917292A1CEEF73900E3C444 /* Foo.m */,
				D917292B1CEEF73900E3C444 /* Observer.h */,
				D917292C1CEEF73900E3C444 /* Observer.m */,
				D917292D1CEEF73900E3C444 /* Target.h */,
				D917292E1CEEF73900E3C444 /* Target.m */,
				D917292F1CEEF73900E3C444 /* TargetWarpper.h */,
				D91729301CEEF73900E3C444 /* TargetWarpper.m */,
				D917293F1CEEF7E100E3C444 /* ObserverTestController.h */,
				D91729401CEEF7E100E3C444 /* ObserverTestController.m */,
			);
			path = Observer;
			sourceTree = "<group>";
		};
		D91729351CEEF77E00E3C444 /* MVVM_Login */ = {
			isa = PBXGroup;
			children = (
				D91729361CEEF78E00E3C444 /* LoginUser.h */,
				D91729371CEEF78E00E3C444 /* LoginUser.m */,
				D91729381CEEF78E00E3C444 /* LoginViewModel.h */,
				D91729391CEEF78E00E3C444 /* LoginViewModel.m */,
				D917293A1CEEF78E00E3C444 /* MVVM_LoginViewController.h */,
				D917293B1CEEF78E00E3C444 /* MVVM_LoginViewController.m */,
			);
			path = MVVM_Login;
			sourceTree = "<group>";
		};
		D929A4B51CE9B48300E43DE6 /* MVC&MVVM */ = {
			isa = PBXGroup;
			children = (
				D9B55B451CEAB3F3006014C4 /* MVC */,
				D9B55B461CEAB3F3006014C4 /* MVVM */,
				D9DCA3AF1CFE8C9000DCED1B /* MVVM_Blog */,
			);
			path = "MVC&MVVM";
			sourceTree = "<group>";
		};
		D9303EB41D8140C7000856E7 /* Autolayout */ = {
			isa = PBXGroup;
			children = (
				D9303EB51D814104000856E7 /* UseXibController.h */,
				D9303EB61D814104000856E7 /* UseXibController.m */,
				D9303EB71D814104000856E7 /* UseXibController.xib */,
				D9303EC81D814D20000856E7 /* UseStoryboardController.h */,
				D9303EC91D814D20000856E7 /* UseStoryboardController.m */,
				D9303ECB1D814D3A000856E7 /* UseStoryboard.storyboard */,
				D948DC6F1D869557008A72E4 /* DivideEquleController.h */,
				D948DC701D869557008A72E4 /* DivideEquleController.m */,
				D93A42461D93BED80082A54B /* DivideEquleController.xib */,
				D95521B51D9528CA000F97CA /* UITableView_autolayout */,
				D904BE931D87E5DA00191AEA /* Extension */,
			);
			path = Autolayout;
			sourceTree = "<group>";
		};
		D9303EBA1D8141FF000856E7 /* Resource */ = {
			isa = PBXGroup;
			children = (
				D9303EBB1D81420E000856E7 /* Images */,
			);
			path = Resource;
			sourceTree = "<group>";
		};
		D9303EBB1D81420E000856E7 /* Images */ = {
			isa = PBXGroup;
			children = (
				D9303EBC1D814277000856E7 /* img_activity_empty@2x.png */,
				D9303EBD1D814277000856E7 /* img_activity_empty@3x.png */,
				D9303EBE1D814277000856E7 /* img_head_default_parent@2x.jpg */,
				D9303EBF1D814277000856E7 /* img_head_default_parent@3x.jpg */,
				D9303EC01D814277000856E7 /* img_head_kid_default@2x.jpg */,
				D9303EC11D814277000856E7 /* img_head_kid_default@3x.jpg */,
				D94BF8961D98C74E003E1276 /* img_layout_tableview.png */,
			);
			path = Images;
			sourceTree = "<group>";
		};
		D94063461D6E954400DD62A7 /* RACNormal */ = {
			isa = PBXGroup;
			children = (
				D94063481D6E956F00DD62A7 /* RACCaseClient.h */,
				D94063491D6E956F00DD62A7 /* RACCaseClient.m */,
				D940634A1D6E956F00DD62A7 /* RACCaseController.h */,
				D940634B1D6E956F00DD62A7 /* RACCaseController.m */,
				D940634C1D6E956F00DD62A7 /* RACCaseDatabaseClient.h */,
				D940634D1D6E956F00DD62A7 /* RACCaseDatabaseClient.m */,
				D940634E1D6E956F00DD62A7 /* RACCaseObservedModel.h */,
				D940634F1D6E956F00DD62A7 /* RACCaseObservedModel.m */,
				D94063501D6E956F00DD62A7 /* RACCaseUser.h */,
				D94063511D6E956F00DD62A7 /* RACCaseUser.m */,
			);
			path = RACNormal;
			sourceTree = "<group>";
		};
		D94063471D6E954400DD62A7 /* ReactiveInstantiate */ = {
			isa = PBXGroup;
			children = (
				D94063571D6E985100DD62A7 /* ImiateFollowController.h */,
				D94063581D6E985100DD62A7 /* ImiateFollowController.m */,
			);
			path = ReactiveInstantiate;
			sourceTree = "<group>";
		};
		D94BF8AA1D991085003E1276 /* Cell */ = {
			isa = PBXGroup;
			children = (
				D94BF8AB1D991085003E1276 /* Cell_1.h */,
				D94BF8AC1D991085003E1276 /* Cell_1.m */,
				D94BF8AD1D991085003E1276 /* Cell_1.xib */,
				D94BF8AE1D991085003E1276 /* Cell_2.h */,
				D94BF8AF1D991085003E1276 /* Cell_2.m */,
				D94BF8B01D991085003E1276 /* Cell_2.xib */,
				D94BF8BF1D9910EF003E1276 /* Cell_3.h */,
				D94BF8C01D9910F0003E1276 /* Cell_3.m */,
				D94BF8C11D9910F0003E1276 /* Cell_3.xib */,
				D94BF8CC1D991A0D003E1276 /* Cell_4.h */,
				D94BF8CD1D991A0D003E1276 /* Cell_4.m */,
				D94BF8CE1D991A0D003E1276 /* Cell_4.xib */,
				D94BF8D61D99223F003E1276 /* Cell_5.h */,
				D94BF8D71D99223F003E1276 /* Cell_5.m */,
				D94BF8D81D99223F003E1276 /* Cell_5.xib */,
				D94BF8B11D991085003E1276 /* FirstTableCell.h */,
				D94BF8B21D991085003E1276 /* FirstTableCell.m */,
				D94BF8B31D991085003E1276 /* FirstTableCell.xib */,
				D94BF8B41D991085003E1276 /* NewsCell.h */,
				D94BF8B51D991085003E1276 /* NewsCell.m */,
				D94BF8B61D991085003E1276 /* NewsCell.xib */,
			);
			path = Cell;
			sourceTree = "<group>";
		};
		D95521B51D9528CA000F97CA /* UITableView_autolayout */ = {
			isa = PBXGroup;
			children = (
				D94BF8AA1D991085003E1276 /* Cell */,
				D95521B91D95292C000F97CA /* FirstTableController.h */,
				D95521BA1D95292C000F97CA /* FirstTableController.m */,
				D95521BE1D95292C000F97CA /* UseXib_Cell_Controller.h */,
				D95521BF1D95292C000F97CA /* UseXib_Cell_Controller.m */,
				D95521C01D95292C000F97CA /* UseXib_Cell_Controller.xib */,
				D94BF89B1D98C893003E1276 /* T1Controller.h */,
				D94BF89C1D98C893003E1276 /* T1Controller.m */,
				D94BF89D1D98C893003E1276 /* T1Controller.xib */,
				D94BF8A51D98F98B003E1276 /* T2Controller.h */,
				D94BF8A61D98F98B003E1276 /* T2Controller.m */,
				D94BF8A71D98F98B003E1276 /* T2Controller.xib */,
				D94BF8C41D9911A3003E1276 /* T3Controller.h */,
				D94BF8C51D9911A3003E1276 /* T3Controller.m */,
				D94BF8C61D9911A3003E1276 /* T3Controller.xib */,
				D94BF8D11D991A9F003E1276 /* T4Controller.h */,
				D94BF8D21D991A9F003E1276 /* T4Controller.m */,
				D94BF8D31D991A9F003E1276 /* T4Controller.xib */,
				D94BF8DB1D99225D003E1276 /* T5Controller.h */,
				D94BF8DC1D99225D003E1276 /* T5Controller.m */,
				D94BF8DD1D99225D003E1276 /* T5Controller.xib */,
			);
			path = UITableView_autolayout;
			sourceTree = "<group>";
		};
		D98E9DB41CEACA9100C86479 /* RACCase */ = {
			isa = PBXGroup;
			children = (
				D94063461D6E954400DD62A7 /* RACNormal */,
				D94063471D6E954400DD62A7 /* ReactiveInstantiate */,
			);
			path = RACCase;
			sourceTree = "<group>";
		};
		D9B55B451CEAB3F3006014C4 /* MVC */ = {
			isa = PBXGroup;
			children = (
				D9B55B471CEAB404006014C4 /* MVCArticleModel.h */,
				D9B55B481CEAB404006014C4 /* MVCArticleModel.m */,
				D9B55B491CEAB404006014C4 /* MVCPostDetailController.h */,
				D9B55B4A1CEAB404006014C4 /* MVCPostDetailController.m */,
				D9B55B4B1CEAB404006014C4 /* MVCPostlistController.h */,
				D9B55B4C1CEAB404006014C4 /* MVCPostlistController.m */,
			);
			path = MVC;
			sourceTree = "<group>";
		};
		D9B55B461CEAB3F3006014C4 /* MVVM */ = {
			isa = PBXGroup;
			children = (
				D9DCA3A21CFE776E00DCED1B /* Model */,
				D9B55B561CEAB456006014C4 /* ViewModel */,
				D9B55B501CEAB41B006014C4 /* MVVMPostListController.h */,
				D9B55B511CEAB41B006014C4 /* MVVMPostListController.m */,
				D9B55B531CEAB43B006014C4 /* MVVMPostDetailController.h */,
				D9B55B541CEAB43B006014C4 /* MVVMPostDetailController.m */,
			);
			path = MVVM;
			sourceTree = "<group>";
		};
		D9B55B561CEAB456006014C4 /* ViewModel */ = {
			isa = PBXGroup;
			children = (
				D9DCA3A91CFE778C00DCED1B /* ArticleListViewModel.h */,
				D9DCA3AA1CFE778C00DCED1B /* ArticleListViewModel.m */,
				D9DCA3AC1CFE782F00DCED1B /* ArticleListItemViewModel.h */,
				D9DCA3AD1CFE782F00DCED1B /* ArticleListItemViewModel.m */,
				D9CEBB3D1CFD28F200FF2248 /* ArticleDetailViewModel.h */,
				D9CEBB3E1CFD28F200FF2248 /* ArticleDetailViewModel.m */,
			);
			path = ViewModel;
			sourceTree = "<group>";
		};
		D9C633B91CE2CCDC001C7CF0 /* MVVM */ = {
			isa = PBXGroup;
			children = (
				D929A4B51CE9B48300E43DE6 /* MVC&MVVM */,
				D91729351CEEF77E00E3C444 /* MVVM_Login */,
			);
			path = MVVM;
			sourceTree = "<group>";
		};
		D9DCA3A21CFE776E00DCED1B /* Model */ = {
			isa = PBXGroup;
			children = (
				D9DCA3A31CFE776E00DCED1B /* ArticleModel.h */,
				D9DCA3A41CFE776E00DCED1B /* ArticleModel.m */,
				D9DCA3A51CFE776E00DCED1B /* CategoryArticleListModel.h */,
				D9DCA3A61CFE776E00DCED1B /* CategoryArticleListModel.m */,
			);
			path = Model;
			sourceTree = "<group>";
		};
		D9DCA3AF1CFE8C9000DCED1B /* MVVM_Blog */ = {
			isa = PBXGroup;
			children = (
				D9DCA3B01CFE8C9000DCED1B /* Model */,
				D9DCA3B11CFE8C9000DCED1B /* View */,
				D9DCA3B21CFE8C9000DCED1B /* ViewModel */,
			);
			path = MVVM_Blog;
			sourceTree = "<group>";
		};
		D9DCA3B01CFE8C9000DCED1B /* Model */ = {
			isa = PBXGroup;
			children = (
				D9DCA3B31CFE8CD900DCED1B /* BlogDataModel.h */,
				D9DCA3B41CFE8CD900DCED1B /* BlogDataModel.m */,
				D9DCA3B61CFE8EA400DCED1B /* CategoryBlogListDataModel.h */,
				D9DCA3B71CFE8EA400DCED1B /* CategoryBlogListDataModel.m */,
			);
			path = Model;
			sourceTree = "<group>";
		};
		D9DCA3B11CFE8C9000DCED1B /* View */ = {
			isa = PBXGroup;
			children = (
				D9DCA3C21CFEC2FD00DCED1B /* BlogListController.h */,
				D9DCA3C31CFEC2FD00DCED1B /* BlogListController.m */,
				D9DCA3C51CFEC30B00DCED1B /* BlogDetailController.h */,
				D9DCA3C61CFEC30B00DCED1B /* BlogDetailController.m */,
			);
			path = View;
			sourceTree = "<group>";
		};
		D9DCA3B21CFE8C9000DCED1B /* ViewModel */ = {
			isa = PBXGroup;
			children = (
				D9DCA3B91CFE8EF500DCED1B /* BLogListViewModel.h */,
				D9DCA3BA1CFE8EF500DCED1B /* BLogListViewModel.m */,
				D9DCA3BC1CFE8F0400DCED1B /* BlogListItemViewModel.h */,
				D9DCA3BD1CFE8F0400DCED1B /* BlogListItemViewModel.m */,
				D9DCA3BF1CFE8F1300DCED1B /* BlogDetailViewModel.h */,
				D9DCA3C01CFE8F1300DCED1B /* BlogDetailViewModel.m */,
			);
			path = ViewModel;
			sourceTree = "<group>";
		};
		D9EBA03D1D6C27CB001C4414 /* URLLoadSystem */ = {
			isa = PBXGroup;
			children = (
				D9EBA0411D6C3AF3001C4414 /* NSURLProtocol */,
				D9EBA0421D6C3B28001C4414 /* URLProtocolTestController.h */,
				D9EBA0431D6C3B28001C4414 /* URLProtocolTestController.m */,
			);
			path = URLLoadSystem;
			sourceTree = "<group>";
		};
		D9EBA0411D6C3AF3001C4414 /* NSURLProtocol */ = {
			isa = PBXGroup;
			children = (
				D9EBA03E1D6C2B31001C4414 /* CustomURLProtocol.h */,
				D9EBA03F1D6C2B31001C4414 /* CustomURLProtocol.m */,
			);
			name = NSURLProtocol;
			sourceTree = "<group>";
		};
		FC8C6005A5870D9D374264F2 /* Frameworks */ = {
			isa = PBXGroup;
			children = (
				D95A18A71CCA1AB000C41AED /* libobjc.tbd */,
				7A2D6F6E583F6B4DDBD55590 /* libPods-NetworkFramConstruct.a */,
			);
			name = Frameworks;
			sourceTree = "<group>";
		};
/* End PBXGroup section */

/* Begin PBXNativeTarget section */
		D3924CD21C9A4D7D00BFAA62 /* NetworkFramConstruct */ = {
			isa = PBXNativeTarget;
			buildConfigurationList = D3924CEA1C9A4D7D00BFAA62 /* Build configuration list for PBXNativeTarget "NetworkFramConstruct" */;
			buildPhases = (
				A9E88F4074C66A17F9272B65 /* Check Pods Manifest.lock */,
				D3924CCF1C9A4D7D00BFAA62 /* Sources */,
				D3924CD01C9A4D7D00BFAA62 /* Frameworks */,
				D3924CD11C9A4D7D00BFAA62 /* Resources */,
				051E0863C313D12265239AFA /* Embed Pods Frameworks */,
				D4EDF9111193A66122CE120C /* Copy Pods Resources */,
			);
			buildRules = (
			);
			dependencies = (
			);
			name = NetworkFramConstruct;
			productName = NetworkFramConstruct;
			productReference = D3924CD31C9A4D7D00BFAA62 /* NetworkFramConstruct.app */;
			productType = "com.apple.product-type.application";
		};
/* End PBXNativeTarget section */

/* Begin PBXProject section */
		D3924CCB1C9A4D7D00BFAA62 /* Project object */ = {
			isa = PBXProject;
			attributes = {
				LastUpgradeCheck = 0720;
				ORGANIZATIONNAME = PT;
				TargetAttributes = {
					D3924CD21C9A4D7D00BFAA62 = {
						CreatedOnToolsVersion = 7.2.1;
						DevelopmentTeam = 2TBW7L7YJ9;
					};
				};
			};
			buildConfigurationList = D3924CCE1C9A4D7D00BFAA62 /* Build configuration list for PBXProject "NetworkFramConstruct" */;
			compatibilityVersion = "Xcode 3.2";
			developmentRegion = English;
			hasScannedForEncodings = 0;
			knownRegions = (
				en,
				Base,
			);
			mainGroup = D3924CCA1C9A4D7D00BFAA62;
			productRefGroup = D3924CD41C9A4D7D00BFAA62 /* Products */;
			projectDirPath = "";
			projectRoot = "";
			targets = (
				D3924CD21C9A4D7D00BFAA62 /* NetworkFramConstruct */,
			);
		};
/* End PBXProject section */

/* Begin PBXResourcesBuildPhase section */
		D3924CD11C9A4D7D00BFAA62 /* Resources */ = {
			isa = PBXResourcesBuildPhase;
			buildActionMask = 2147483647;
			files = (
				D94BF89F1D98C893003E1276 /* T1Controller.xib in Resources */,
				D9303EC71D814277000856E7 /* img_head_kid_default@3x.jpg in Resources */,
				D94BF8BE1D991085003E1276 /* NewsCell.xib in Resources */,
				D94BF8D01D991A0D003E1276 /* Cell_4.xib in Resources */,
				D9303EC31D814277000856E7 /* img_activity_empty@3x.png in Resources */,
				D94BF8BC1D991085003E1276 /* FirstTableCell.xib in Resources */,
				D9303EC41D814277000856E7 /* img_head_default_parent@2x.jpg in Resources */,
				D94BF8B81D991085003E1276 /* Cell_1.xib in Resources */,
				D94BF8DF1D99225D003E1276 /* T5Controller.xib in Resources */,
				D9303ECC1D814D3A000856E7 /* UseStoryboard.storyboard in Resources */,
				D9303EC61D814277000856E7 /* img_head_kid_default@2x.jpg in Resources */,
				D93A42471D93BED80082A54B /* DivideEquleController.xib in Resources */,
				D3924CE61C9A4D7D00BFAA62 /* LaunchScreen.storyboard in Resources */,
				D94BF8DA1D99223F003E1276 /* Cell_5.xib in Resources */,
				D9303EC51D814277000856E7 /* img_head_default_parent@3x.jpg in Resources */,
				D94BF8BA1D991085003E1276 /* Cell_2.xib in Resources */,
				D94BF8971D98C74E003E1276 /* img_layout_tableview.png in Resources */,
				D94BF8C81D9911A3003E1276 /* T3Controller.xib in Resources */,
				D9303EB91D814104000856E7 /* UseXibController.xib in Resources */,
				D94BF8C31D9910F0003E1276 /* Cell_3.xib in Resources */,
				D3924CE31C9A4D7D00BFAA62 /* Assets.xcassets in Resources */,
				D95521C71D95292C000F97CA /* UseXib_Cell_Controller.xib in Resources */,
				D3924CE11C9A4D7D00BFAA62 /* Main.storyboard in Resources */,
				D94BF8D51D991A9F003E1276 /* T4Controller.xib in Resources */,
				D9303EC21D814277000856E7 /* img_activity_empty@2x.png in Resources */,
				D94BF8A91D98F98B003E1276 /* T2Controller.xib in Resources */,
			);
			runOnlyForDeploymentPostprocessing = 0;
		};
/* End PBXResourcesBuildPhase section */

/* Begin PBXShellScriptBuildPhase section */
		051E0863C313D12265239AFA /* Embed Pods Frameworks */ = {
			isa = PBXShellScriptBuildPhase;
			buildActionMask = 2147483647;
			files = (
			);
			inputPaths = (
			);
			name = "Embed Pods Frameworks";
			outputPaths = (
			);
			runOnlyForDeploymentPostprocessing = 0;
			shellPath = /bin/sh;
			shellScript = "\"${SRCROOT}/Pods/Target Support Files/Pods-NetworkFramConstruct/Pods-NetworkFramConstruct-frameworks.sh\"\n";
			showEnvVarsInLog = 0;
		};
		A9E88F4074C66A17F9272B65 /* Check Pods Manifest.lock */ = {
			isa = PBXShellScriptBuildPhase;
			buildActionMask = 2147483647;
			files = (
			);
			inputPaths = (
			);
			name = "Check Pods Manifest.lock";
			outputPaths = (
			);
			runOnlyForDeploymentPostprocessing = 0;
			shellPath = /bin/sh;
			shellScript = "diff \"${PODS_ROOT}/../Podfile.lock\" \"${PODS_ROOT}/Manifest.lock\" > /dev/null\nif [[ $? != 0 ]] ; then\n    cat << EOM\nerror: The sandbox is not in sync with the Podfile.lock. Run 'pod install' or update your CocoaPods installation.\nEOM\n    exit 1\nfi\n";
			showEnvVarsInLog = 0;
		};
		D4EDF9111193A66122CE120C /* Copy Pods Resources */ = {
			isa = PBXShellScriptBuildPhase;
			buildActionMask = 2147483647;
			files = (
			);
			inputPaths = (
			);
			name = "Copy Pods Resources";
			outputPaths = (
			);
			runOnlyForDeploymentPostprocessing = 0;
			shellPath = /bin/sh;
			shellScript = "\"${SRCROOT}/Pods/Target Support Files/Pods-NetworkFramConstruct/Pods-NetworkFramConstruct-resources.sh\"\n";
			showEnvVarsInLog = 0;
		};
/* End PBXShellScriptBuildPhase section */

/* Begin PBXSourcesBuildPhase section */
		D3924CCF1C9A4D7D00BFAA62 /* Sources */ = {
			isa = PBXSourcesBuildPhase;
			buildActionMask = 2147483647;
			files = (
				D9DCA3B51CFE8CD900DCED1B /* BlogDataModel.m in Sources */,
				D94BF8C21D9910F0003E1276 /* Cell_3.m in Sources */,
				D94BF8BD1D991085003E1276 /* NewsCell.m in Sources */,
				D9303ECA1D814D20000856E7 /* UseStoryboardController.m in Sources */,
				D917293D1CEEF78E00E3C444 /* LoginViewModel.m in Sources */,
				D91729341CEEF73900E3C444 /* TargetWarpper.m in Sources */,
				D94063541D6E956F00DD62A7 /* RACCaseDatabaseClient.m in Sources */,
				D9DCA3C71CFEC30B00DCED1B /* BlogDetailController.m in Sources */,
				D9CEBB3F1CFD28F200FF2248 /* ArticleDetailViewModel.m in Sources */,
				D94063521D6E956F00DD62A7 /* RACCaseClient.m in Sources */,
				D91729471CEEFF5800E3C444 /* MsgPackTestController.m in Sources */,
				D94BF8D91D99223F003E1276 /* Cell_5.m in Sources */,
				D94063551D6E956F00DD62A7 /* RACCaseObservedModel.m in Sources */,
				D95A18A61CC9F77000C41AED /* MainTestController.m in Sources */,
				D917293C1CEEF78E00E3C444 /* LoginUser.m in Sources */,
				D91729441CEEFEB800E3C444 /* ObjcRuntimeController.m in Sources */,
				D9AC13951D618F2E00D1B333 /* NSURLSessionTestController.m in Sources */,
				D94063561D6E956F00DD62A7 /* RACCaseUser.m in Sources */,
				D9DCA3BE1CFE8F0400DCED1B /* BlogListItemViewModel.m in Sources */,
				D94BF89E1D98C893003E1276 /* T1Controller.m in Sources */,
				D9DCA3A81CFE776E00DCED1B /* CategoryArticleListModel.m in Sources */,
				D9B55B521CEAB41B006014C4 /* MVVMPostListController.m in Sources */,
				D95521C31D95292C000F97CA /* FirstTableController.m in Sources */,
				D94BF8A81D98F98B003E1276 /* T2Controller.m in Sources */,
				D94BF8CB1D9915D5003E1276 /* NSString+CalculateSize.m in Sources */,
				D95521C61D95292C000F97CA /* UseXib_Cell_Controller.m in Sources */,
				D9DCA3B81CFE8EA400DCED1B /* CategoryBlogListDataModel.m in Sources */,
				D9DCA3A71CFE776E00DCED1B /* ArticleModel.m in Sources */,
				D94BF8CF1D991A0D003E1276 /* Cell_4.m in Sources */,
				D9303EB81D814104000856E7 /* UseXibController.m in Sources */,
				D94063531D6E956F00DD62A7 /* RACCaseController.m in Sources */,
				D9B55B551CEAB43B006014C4 /* MVVMPostDetailController.m in Sources */,
				D917293E1CEEF78E00E3C444 /* MVVM_LoginViewController.m in Sources */,
				D9B55B4F1CEAB404006014C4 /* MVCPostlistController.m in Sources */,
				D94BF8DE1D99225D003E1276 /* T5Controller.m in Sources */,
				D91729311CEEF73900E3C444 /* Foo.m in Sources */,
				D9B55B4E1CEAB404006014C4 /* MVCPostDetailController.m in Sources */,
				D9DCA3AE1CFE782F00DCED1B /* ArticleListItemViewModel.m in Sources */,
				D94BF8B91D991085003E1276 /* Cell_2.m in Sources */,
				D9EBA0401D6C2B31001C4414 /* CustomURLProtocol.m in Sources */,
				D94063591D6E985100DD62A7 /* ImiateFollowController.m in Sources */,
				D91729411CEEF7E100E3C444 /* ObserverTestController.m in Sources */,
				D3924CDB1C9A4D7D00BFAA62 /* AppDelegate.m in Sources */,
				D948DC721D869557008A72E4 /* DivideEquleController.m in Sources */,
				D9DCA3C41CFEC2FD00DCED1B /* BlogListController.m in Sources */,
				D91729331CEEF73900E3C444 /* Target.m in Sources */,
				D3924CD81C9A4D7D00BFAA62 /* main.m in Sources */,
				D93717651D7686C400F2924B /* SyntacticSugarController.m in Sources */,
				D9EBA0441D6C3B28001C4414 /* URLProtocolTestController.m in Sources */,
				D94BF8D41D991A9F003E1276 /* T4Controller.m in Sources */,
				D94BF8C71D9911A3003E1276 /* T3Controller.m in Sources */,
				D904BE961D87E5FE00191AEA /* UIImage+Resize.m in Sources */,
				D94BF8B71D991085003E1276 /* Cell_1.m in Sources */,
				D91729271CEEF6D900E3C444 /* NormalController.m in Sources */,
				D9DCA3BB1CFE8EF500DCED1B /* BLogListViewModel.m in Sources */,
				D9B55B4D1CEAB404006014C4 /* MVCArticleModel.m in Sources */,
				D9DCA3AB1CFE778C00DCED1B /* ArticleListViewModel.m in Sources */,
				D91729321CEEF73900E3C444 /* Observer.m in Sources */,
				D9DCA3C11CFE8F1300DCED1B /* BlogDetailViewModel.m in Sources */,
				D94BF8BB1D991085003E1276 /* FirstTableCell.m in Sources */,
			);
			runOnlyForDeploymentPostprocessing = 0;
		};
/* End PBXSourcesBuildPhase section */

/* Begin PBXVariantGroup section */
		D3924CDF1C9A4D7D00BFAA62 /* Main.storyboard */ = {
			isa = PBXVariantGroup;
			children = (
				D3924CE01C9A4D7D00BFAA62 /* Base */,
			);
			name = Main.storyboard;
			sourceTree = "<group>";
		};
		D3924CE41C9A4D7D00BFAA62 /* LaunchScreen.storyboard */ = {
			isa = PBXVariantGroup;
			children = (
				D3924CE51C9A4D7D00BFAA62 /* Base */,
			);
			name = LaunchScreen.storyboard;
			sourceTree = "<group>";
		};
/* End PBXVariantGroup section */

/* Begin XCBuildConfiguration section */
		D3924CE81C9A4D7D00BFAA62 /* Debug */ = {
			isa = XCBuildConfiguration;
			buildSettings = {
				ALWAYS_SEARCH_USER_PATHS = NO;
				CLANG_CXX_LANGUAGE_STANDARD = "gnu++0x";
				CLANG_CXX_LIBRARY = "libc++";
				CLANG_ENABLE_MODULES = YES;
				CLANG_ENABLE_OBJC_ARC = YES;
				CLANG_WARN_BOOL_CONVERSION = YES;
				CLANG_WARN_CONSTANT_CONVERSION = YES;
				CLANG_WARN_DIRECT_OBJC_ISA_USAGE = YES_ERROR;
				CLANG_WARN_EMPTY_BODY = YES;
				CLANG_WARN_ENUM_CONVERSION = YES;
				CLANG_WARN_INT_CONVERSION = YES;
				CLANG_WARN_OBJC_ROOT_CLASS = YES_ERROR;
				CLANG_WARN_UNREACHABLE_CODE = YES;
				CLANG_WARN__DUPLICATE_METHOD_MATCH = YES;
				"CODE_SIGN_IDENTITY[sdk=iphoneos*]" = "iPhone Developer";
				COPY_PHASE_STRIP = NO;
				DEBUG_INFORMATION_FORMAT = dwarf;
				ENABLE_STRICT_OBJC_MSGSEND = YES;
				ENABLE_TESTABILITY = YES;
				GCC_C_LANGUAGE_STANDARD = gnu99;
				GCC_DYNAMIC_NO_PIC = NO;
				GCC_NO_COMMON_BLOCKS = YES;
				GCC_OPTIMIZATION_LEVEL = 0;
				GCC_PREPROCESSOR_DEFINITIONS = (
					"DEBUG=1",
					"$(inherited)",
				);
				GCC_WARN_64_TO_32_BIT_CONVERSION = YES;
				GCC_WARN_ABOUT_RETURN_TYPE = YES_ERROR;
				GCC_WARN_UNDECLARED_SELECTOR = YES;
				GCC_WARN_UNINITIALIZED_AUTOS = YES_AGGRESSIVE;
				GCC_WARN_UNUSED_FUNCTION = YES;
				GCC_WARN_UNUSED_VARIABLE = YES;
				IPHONEOS_DEPLOYMENT_TARGET = 9.2;
				MTL_ENABLE_DEBUG_INFO = YES;
				ONLY_ACTIVE_ARCH = YES;
				SDKROOT = iphoneos;
				TARGETED_DEVICE_FAMILY = "1,2";
			};
			name = Debug;
		};
		D3924CE91C9A4D7D00BFAA62 /* Release */ = {
			isa = XCBuildConfiguration;
			buildSettings = {
				ALWAYS_SEARCH_USER_PATHS = NO;
				CLANG_CXX_LANGUAGE_STANDARD = "gnu++0x";
				CLANG_CXX_LIBRARY = "libc++";
				CLANG_ENABLE_MODULES = YES;
				CLANG_ENABLE_OBJC_ARC = YES;
				CLANG_WARN_BOOL_CONVERSION = YES;
				CLANG_WARN_CONSTANT_CONVERSION = YES;
				CLANG_WARN_DIRECT_OBJC_ISA_USAGE = YES_ERROR;
				CLANG_WARN_EMPTY_BODY = YES;
				CLANG_WARN_ENUM_CONVERSION = YES;
				CLANG_WARN_INT_CONVERSION = YES;
				CLANG_WARN_OBJC_ROOT_CLASS = YES_ERROR;
				CLANG_WARN_UNREACHABLE_CODE = YES;
				CLANG_WARN__DUPLICATE_METHOD_MATCH = YES;
				"CODE_SIGN_IDENTITY[sdk=iphoneos*]" = "iPhone Developer";
				COPY_PHASE_STRIP = NO;
				DEBUG_INFORMATION_FORMAT = "dwarf-with-dsym";
				ENABLE_NS_ASSERTIONS = NO;
				ENABLE_STRICT_OBJC_MSGSEND = YES;
				GCC_C_LANGUAGE_STANDARD = gnu99;
				GCC_NO_COMMON_BLOCKS = YES;
				GCC_WARN_64_TO_32_BIT_CONVERSION = YES;
				GCC_WARN_ABOUT_RETURN_TYPE = YES_ERROR;
				GCC_WARN_UNDECLARED_SELECTOR = YES;
				GCC_WARN_UNINITIALIZED_AUTOS = YES_AGGRESSIVE;
				GCC_WARN_UNUSED_FUNCTION = YES;
				GCC_WARN_UNUSED_VARIABLE = YES;
				IPHONEOS_DEPLOYMENT_TARGET = 9.2;
				MTL_ENABLE_DEBUG_INFO = NO;
				SDKROOT = iphoneos;
				TARGETED_DEVICE_FAMILY = "1,2";
				VALIDATE_PRODUCT = YES;
			};
			name = Release;
		};
		D3924CEB1C9A4D7D00BFAA62 /* Debug */ = {
			isa = XCBuildConfiguration;
			baseConfigurationReference = 64FD0BEA5FCB769816B930ED /* Pods-NetworkFramConstruct.debug.xcconfig */;
			buildSettings = {
				ASSETCATALOG_COMPILER_APPICON_NAME = AppIcon;
				CLANG_ENABLE_OBJC_ARC = YES;
				CODE_SIGN_IDENTITY = "iPhone Developer";
				"CODE_SIGN_IDENTITY[sdk=iphoneos*]" = "iPhone Developer";
				INFOPLIST_FILE = NetworkFramConstruct/Info.plist;
				IPHONEOS_DEPLOYMENT_TARGET = 7.0;
				LD_RUNPATH_SEARCH_PATHS = "$(inherited) @executable_path/Frameworks";
				PRODUCT_BUNDLE_IDENTIFIER = com.putao.NetworkFramConstruct;
				PRODUCT_NAME = "$(TARGET_NAME)";
				PROVISIONING_PROFILE = "";
			};
			name = Debug;
		};
		D3924CEC1C9A4D7D00BFAA62 /* Release */ = {
			isa = XCBuildConfiguration;
			baseConfigurationReference = 17AAF918369E054700D63DBA /* Pods-NetworkFramConstruct.release.xcconfig */;
			buildSettings = {
				ASSETCATALOG_COMPILER_APPICON_NAME = AppIcon;
				CLANG_ENABLE_OBJC_ARC = YES;
				CODE_SIGN_IDENTITY = "iPhone Developer";
				"CODE_SIGN_IDENTITY[sdk=iphoneos*]" = "iPhone Developer";
				INFOPLIST_FILE = NetworkFramConstruct/Info.plist;
				IPHONEOS_DEPLOYMENT_TARGET = 7.0;
				LD_RUNPATH_SEARCH_PATHS = "$(inherited) @executable_path/Frameworks";
				PRODUCT_BUNDLE_IDENTIFIER = com.putao.NetworkFramConstruct;
				PRODUCT_NAME = "$(TARGET_NAME)";
				PROVISIONING_PROFILE = "";
			};
			name = Release;
		};
/* End XCBuildConfiguration section */

/* Begin XCConfigurationList section */
		D3924CCE1C9A4D7D00BFAA62 /* Build configuration list for PBXProject "NetworkFramConstruct" */ = {
			isa = XCConfigurationList;
			buildConfigurations = (
				D3924CE81C9A4D7D00BFAA62 /* Debug */,
				D3924CE91C9A4D7D00BFAA62 /* Release */,
			);
			defaultConfigurationIsVisible = 0;
			defaultConfigurationName = Release;
		};
		D3924CEA1C9A4D7D00BFAA62 /* Build configuration list for PBXNativeTarget "NetworkFramConstruct" */ = {
			isa = XCConfigurationList;
			buildConfigurations = (
				D3924CEB1C9A4D7D00BFAA62 /* Debug */,
				D3924CEC1C9A4D7D00BFAA62 /* Release */,
			);
			defaultConfigurationIsVisible = 0;
			defaultConfigurationName = Release;
		};
/* End XCConfigurationList section */
	};
	rootObject = D3924CCB1C9A4D7D00BFAA62 /* Project object */;
}
